
Microsoft Visual Studio Solution File, Format Version 12.00
# Visual Studio Version 17
VisualStudioVersion = 17.7.34031.279
MinimumVisualStudioVersion = 10.0.40219.1
Project("{9A19103F-16F7-4668-BE54-9A1E7A4F7556}") = "AsesoiasI.Server", "AsesoiasI\Server\AsesoiasI.Server.csproj", "{9B30B792-6060-4835-B450-65362AAB5C4B}"
EndProject
Project("{9A19103F-16F7-4668-BE54-9A1E7A4F7556}") = "AsesoiasI.Client", "AsesoiasI\Client\AsesoiasI.Client.csproj", "{98674C16-99A6-4B56-B9AF-420EB460CFDF}"
EndProject
Project("{9A19103F-16F7-4668-BE54-9A1E7A4F7556}") = "AsesoiasI.Shared", "AsesoiasI\Shared\AsesoiasI.Shared.csproj", "{3A5F2369-F0A6-4019-8023-8D966E34CFD1}"
EndProject
Global
	GlobalSection(SolutionConfigurationPlatforms) = preSolution
		Debug|Any CPU = Debug|Any CPU
		Release|Any CPU = Release|Any CPU
	EndGlobalSection
	GlobalSection(ProjectConfigurationPlatforms) = postSolution
		{9B30B792-6060-4835-B450-65362AAB5C4B}.Debug|Any CPU.ActiveCfg = Debug|Any CPU
		{9B30B792-6060-4835-B450-65362AAB5C4B}.Debug|Any CPU.Build.0 = Debug|Any CPU
		{9B30B792-6060-4835-B450-65362AAB5C4B}.Release|Any CPU.ActiveCfg = Release|Any CPU
		{9B30B792-6060-4835-B450-65362AAB5C4B}.Release|Any CPU.Build.0 = Release|Any CPU
		{98674C16-99A6-4B56-B9AF-420EB460CFDF}.Debug|Any CPU.ActiveCfg = Debug|Any CPU
		{98674C16-99A6-4B56-B9AF-420EB460CFDF}.Debug|Any CPU.Build.0 = Debug|Any CPU
		{98674C16-99A6-4B56-B9AF-420EB460CFDF}.Release|Any CPU.ActiveCfg = Release|Any CPU
		{98674C16-99A6-4B56-B9AF-420EB460CFDF}.Release|Any CPU.Build.0 = Release|Any CPU
		{3A5F2369-F0A6-4019-8023-8D966E34CFD1}.Debug|Any CPU.ActiveCfg = Debug|Any CPU
		{3A5F2369-F0A6-4019-8023-8D966E34CFD1}.Debug|Any CPU.Build.0 = Debug|Any CPU
		{3A5F2369-F0A6-4019-8023-8D966E34CFD1}.Release|Any CPU.ActiveCfg = Release|Any CPU
		{3A5F2369-F0A6-4019-8023-8D966E34CFD1}.Release|Any CPU.Build.0 = Release|Any CPU
	EndGlobalSection
	GlobalSection(SolutionProperties) = preSolution
		HideSolutionNode = FALSE
	EndGlobalSection
	GlobalSection(ExtensibilityGlobals) = postSolution
		SolutionGuid = {DB3DA6E4-DCE8-486F-B358-0CF049E95B79}
	EndGlobalSection
EndGlobal
